
Microsoft Visual Studio Solution File, Format Version 12.00
# Visual Studio Version 16
VisualStudioVersion = 16.0.29519.181
MinimumVisualStudioVersion = 10.0.40219.1
Project("{FAE04EC0-301F-11D3-BF4B-00C04F79EFBC}") = "View", "View\View.csproj", "{BC45811F-32C8-4C50-9F0C-115C810B5BA6}"
EndProject
Project("{FAE04EC0-301F-11D3-BF4B-00C04F79EFBC}") = "Controller", "Controller\Controller.csproj", "{4B5D9015-CA3A-45FC-BC60-E3442120B064}"
EndProject
Project("{FAE04EC0-301F-11D3-BF4B-00C04F79EFBC}") = "Model", "Model\Model.csproj", "{A0FFF024-AAB6-44E8-9B24-BBB6C3A75C38}"
EndProject
Project("{FAE04EC0-301F-11D3-BF4B-00C04F79EFBC}") = "DataAccess", "DataAccess\DataAccess.csproj", "{9E9E4D17-4EDC-46C2-AACF-4F3C9FEBD32E}"
EndProject
Global
	GlobalSection(SolutionConfigurationPlatforms) = preSolution
		Debug|Any CPU = Debug|Any CPU
		Release|Any CPU = Release|Any CPU
	EndGlobalSection
	GlobalSection(ProjectConfigurationPlatforms) = postSolution
		{BC45811F-32C8-4C50-9F0C-115C810B5BA6}.Debug|Any CPU.ActiveCfg = Debug|Any CPU
		{BC45811F-32C8-4C50-9F0C-115C810B5BA6}.Debug|Any CPU.Build.0 = Debug|Any CPU
		{BC45811F-32C8-4C50-9F0C-115C810B5BA6}.Release|Any CPU.ActiveCfg = Release|Any CPU
		{BC45811F-32C8-4C50-9F0C-115C810B5BA6}.Release|Any CPU.Build.0 = Release|Any CPU
		{4B5D9015-CA3A-45FC-BC60-E3442120B064}.Debug|Any CPU.ActiveCfg = Debug|Any CPU
		{4B5D9015-CA3A-45FC-BC60-E3442120B064}.Debug|Any CPU.Build.0 = Debug|Any CPU
		{4B5D9015-CA3A-45FC-BC60-E3442120B064}.Release|Any CPU.ActiveCfg = Release|Any CPU
		{4B5D9015-CA3A-45FC-BC60-E3442120B064}.Release|Any CPU.Build.0 = Release|Any CPU
		{A0FFF024-AAB6-44E8-9B24-BBB6C3A75C38}.Debug|Any CPU.ActiveCfg = Debug|Any CPU
		{A0FFF024-AAB6-44E8-9B24-BBB6C3A75C38}.Debug|Any CPU.Build.0 = Debug|Any CPU
		{A0FFF024-AAB6-44E8-9B24-BBB6C3A75C38}.Release|Any CPU.ActiveCfg = Release|Any CPU
		{A0FFF024-AAB6-44E8-9B24-BBB6C3A75C38}.Release|Any CPU.Build.0 = Release|Any CPU
		{9E9E4D17-4EDC-46C2-AACF-4F3C9FEBD32E}.Debug|Any CPU.ActiveCfg = Debug|Any CPU
		{9E9E4D17-4EDC-46C2-AACF-4F3C9FEBD32E}.Debug|Any CPU.Build.0 = Debug|Any CPU
		{9E9E4D17-4EDC-46C2-AACF-4F3C9FEBD32E}.Release|Any CPU.ActiveCfg = Release|Any CPU
		{9E9E4D17-4EDC-46C2-AACF-4F3C9FEBD32E}.Release|Any CPU.Build.0 = Release|Any CPU
	EndGlobalSection
	GlobalSection(SolutionProperties) = preSolution
		HideSolutionNode = FALSE
	EndGlobalSection
	GlobalSection(ExtensibilityGlobals) = postSolution
		SolutionGuid = {33C7DABD-0EDD-456D-B646-DB0886D3854A}
	EndGlobalSection
EndGlobal
