
Microsoft Visual Studio Solution File, Format Version 12.00
# Visual Studio Version 16
VisualStudioVersion = 16.0.29519.181
MinimumVisualStudioVersion = 10.0.40219.1
Project("{FAE04EC0-301F-11D3-BF4B-00C04F79EFBC}") = "BusinessLayer", "BusinessLayer\BusinessLayer.csproj", "{5BC6528E-4D96-4C9B-80E6-F1CCFC51AB87}"
EndProject
Project("{FAE04EC0-301F-11D3-BF4B-00C04F79EFBC}") = "DataAccessLayer", "DataAccessLayer\DataAccessLayer.csproj", "{8E042AC1-8D7C-4F9D-B5A5-4761D8E2FF0E}"
EndProject
Project("{FAE04EC0-301F-11D3-BF4B-00C04F79EFBC}") = "PresentationLayer", "PresentationLayer\PresentationLayer.csproj", "{452C2339-8607-4D34-B3DF-9FB44C93E46F}"
EndProject
Global
	GlobalSection(SolutionConfigurationPlatforms) = preSolution
		Debug|Any CPU = Debug|Any CPU
		Release|Any CPU = Release|Any CPU
	EndGlobalSection
	GlobalSection(ProjectConfigurationPlatforms) = postSolution
		{5BC6528E-4D96-4C9B-80E6-F1CCFC51AB87}.Debug|Any CPU.ActiveCfg = Debug|Any CPU
		{5BC6528E-4D96-4C9B-80E6-F1CCFC51AB87}.Debug|Any CPU.Build.0 = Debug|Any CPU
		{5BC6528E-4D96-4C9B-80E6-F1CCFC51AB87}.Release|Any CPU.ActiveCfg = Release|Any CPU
		{5BC6528E-4D96-4C9B-80E6-F1CCFC51AB87}.Release|Any CPU.Build.0 = Release|Any CPU
		{8E042AC1-8D7C-4F9D-B5A5-4761D8E2FF0E}.Debug|Any CPU.ActiveCfg = Debug|Any CPU
		{8E042AC1-8D7C-4F9D-B5A5-4761D8E2FF0E}.Debug|Any CPU.Build.0 = Debug|Any CPU
		{8E042AC1-8D7C-4F9D-B5A5-4761D8E2FF0E}.Release|Any CPU.ActiveCfg = Release|Any CPU
		{8E042AC1-8D7C-4F9D-B5A5-4761D8E2FF0E}.Release|Any CPU.Build.0 = Release|Any CPU
		{452C2339-8607-4D34-B3DF-9FB44C93E46F}.Debug|Any CPU.ActiveCfg = Debug|Any CPU
		{452C2339-8607-4D34-B3DF-9FB44C93E46F}.Debug|Any CPU.Build.0 = Debug|Any CPU
		{452C2339-8607-4D34-B3DF-9FB44C93E46F}.Release|Any CPU.ActiveCfg = Release|Any CPU
		{452C2339-8607-4D34-B3DF-9FB44C93E46F}.Release|Any CPU.Build.0 = Release|Any CPU
	EndGlobalSection
	GlobalSection(SolutionProperties) = preSolution
		HideSolutionNode = FALSE
	EndGlobalSection
	GlobalSection(ExtensibilityGlobals) = postSolution
		SolutionGuid = {33C7DABD-0EDD-456D-B646-DB0886D3854A}
	EndGlobalSection
EndGlobal
